
Microsoft Visual Studio Solution File, Format Version 12.00
# Visual Studio Version 17
VisualStudioVersion = 17.4.33213.308
MinimumVisualStudioVersion = 10.0.40219.1
Project("{FAE04EC0-301F-11D3-BF4B-00C04F79EFBC}") = "n2", "n2.csproj", "{613FCFE3-94E1-4C15-B024-5396E0692A84}"
EndProject
Global
	GlobalSection(SolutionConfigurationPlatforms) = preSolution
		Debug|Any CPU = Debug|Any CPU
		Release|Any CPU = Release|Any CPU
	EndGlobalSection
	GlobalSection(ProjectConfigurationPlatforms) = postSolution
		{613FCFE3-94E1-4C15-B024-5396E0692A84}.Debug|Any CPU.ActiveCfg = Debug|Any CPU
		{613FCFE3-94E1-4C15-B024-5396E0692A84}.Debug|Any CPU.Build.0 = Debug|Any CPU
		{613FCFE3-94E1-4C15-B024-5396E0692A84}.Release|Any CPU.ActiveCfg = Release|Any CPU
		{613FCFE3-94E1-4C15-B024-5396E0692A84}.Release|Any CPU.Build.0 = Release|Any CPU
	EndGlobalSection
	GlobalSection(SolutionProperties) = preSolution
		HideSolutionNode = FALSE
	EndGlobalSection
	GlobalSection(ExtensibilityGlobals) = postSolution
		SolutionGuid = {318C8F41-7951-4EEF-8ED1-B266BE107874}
	EndGlobalSection
EndGlobal
