
Microsoft Visual Studio Solution File, Format Version 12.00
# Visual Studio Version 17
VisualStudioVersion = 17.4.33213.308
MinimumVisualStudioVersion = 10.0.40219.1
Project("{FAE04EC0-301F-11D3-BF4B-00C04F79EFBC}") = "n3", "n3.csproj", "{15DF6156-417F-4A71-B5CC-D24983ABC50F}"
EndProject
Global
	GlobalSection(SolutionConfigurationPlatforms) = preSolution
		Debug|Any CPU = Debug|Any CPU
		Release|Any CPU = Release|Any CPU
	EndGlobalSection
	GlobalSection(ProjectConfigurationPlatforms) = postSolution
		{15DF6156-417F-4A71-B5CC-D24983ABC50F}.Debug|Any CPU.ActiveCfg = Debug|Any CPU
		{15DF6156-417F-4A71-B5CC-D24983ABC50F}.Debug|Any CPU.Build.0 = Debug|Any CPU
		{15DF6156-417F-4A71-B5CC-D24983ABC50F}.Release|Any CPU.ActiveCfg = Release|Any CPU
		{15DF6156-417F-4A71-B5CC-D24983ABC50F}.Release|Any CPU.Build.0 = Release|Any CPU
	EndGlobalSection
	GlobalSection(SolutionProperties) = preSolution
		HideSolutionNode = FALSE
	EndGlobalSection
	GlobalSection(ExtensibilityGlobals) = postSolution
		SolutionGuid = {78C79936-E0A9-4BE9-801B-90980B0BEAB9}
	EndGlobalSection
EndGlobal
